
Microsoft Visual Studio Solution File, Format Version 12.00
# Visual Studio Version 16
VisualStudioVersion = 16.0.30204.135
MinimumVisualStudioVersion = 10.0.40219.1
Project("{FAE04EC0-301F-11D3-BF4B-00C04F79EFBC}") = "PetukhovaTask1", "PetukhovaTask1.csproj", "{1916FFEE-87A6-454F-B11D-21C8F3717727}"
EndProject
Project("{FAE04EC0-301F-11D3-BF4B-00C04F79EFBC}") = "PetukhovaTask1Tests", "..\PetukhovaTask1Tests\PetukhovaTask1Tests.csproj", "{9CF33B3B-4649-4E95-A508-609B5E558CBB}"
EndProject
Global
	GlobalSection(SolutionConfigurationPlatforms) = preSolution
		Debug|Any CPU = Debug|Any CPU
		Release|Any CPU = Release|Any CPU
	EndGlobalSection
	GlobalSection(ProjectConfigurationPlatforms) = postSolution
		{1916FFEE-87A6-454F-B11D-21C8F3717727}.Debug|Any CPU.ActiveCfg = Debug|Any CPU
		{1916FFEE-87A6-454F-B11D-21C8F3717727}.Debug|Any CPU.Build.0 = Debug|Any CPU
		{1916FFEE-87A6-454F-B11D-21C8F3717727}.Release|Any CPU.ActiveCfg = Release|Any CPU
		{1916FFEE-87A6-454F-B11D-21C8F3717727}.Release|Any CPU.Build.0 = Release|Any CPU
		{9CF33B3B-4649-4E95-A508-609B5E558CBB}.Debug|Any CPU.ActiveCfg = Debug|Any CPU
		{9CF33B3B-4649-4E95-A508-609B5E558CBB}.Debug|Any CPU.Build.0 = Debug|Any CPU
		{9CF33B3B-4649-4E95-A508-609B5E558CBB}.Release|Any CPU.ActiveCfg = Release|Any CPU
		{9CF33B3B-4649-4E95-A508-609B5E558CBB}.Release|Any CPU.Build.0 = Release|Any CPU
	EndGlobalSection
	GlobalSection(SolutionProperties) = preSolution
		HideSolutionNode = FALSE
	EndGlobalSection
	GlobalSection(ExtensibilityGlobals) = postSolution
		SolutionGuid = {44EB9FB9-369C-4BE8-875F-34B267AE046D}
	EndGlobalSection
EndGlobal
