
Microsoft Visual Studio Solution File, Format Version 12.00
# Visual Studio Version 16
VisualStudioVersion = 16.0.30204.135
MinimumVisualStudioVersion = 10.0.40219.1
Project("{FAE04EC0-301F-11D3-BF4B-00C04F79EFBC}") = "PetukhovaTask1", "PetukhovaTask1.csproj", "{1916FFEE-87A6-454F-B11D-21C8F3717727}"
EndProject
Project("{FAE04EC0-301F-11D3-BF4B-00C04F79EFBC}") = "PetukhovaTask1Tests", "..\PetukhovaTask1Tests\PetukhovaTask1Tests.csproj", "{9CF33B3B-4649-4E95-A508-609B5E558CBB}"
EndProject
Project("{2150E333-8FDC-42A3-9474-1A3956D46DE8}") = "Task1_1", "Task1_1", "{3E747DDD-89D1-421C-8460-DEA948EAFE04}"
EndProject
Project("{2150E333-8FDC-42A3-9474-1A3956D46DE8}") = "Task1_2", "Task1_2", "{5E43141E-8313-4059-B05F-7EAEEE7B43AD}"
EndProject
Project("{FAE04EC0-301F-11D3-BF4B-00C04F79EFBC}") = "PetukhovaTask1_2", "..\PetukhovaTask1_2\PetukhovaTask1_2.csproj", "{7EE50BDA-5962-4663-98A7-647EBF66774C}"
EndProject
Project("{FAE04EC0-301F-11D3-BF4B-00C04F79EFBC}") = "PetukhovaTask1_2Tests", "..\PetukhovaTask1_2Tests\PetukhovaTask1_2Tests.csproj", "{EB6F4957-56A7-4191-8896-A535D2F2A95A}"
EndProject
Global
	GlobalSection(SolutionConfigurationPlatforms) = preSolution
		Debug|Any CPU = Debug|Any CPU
		Release|Any CPU = Release|Any CPU
	EndGlobalSection
	GlobalSection(ProjectConfigurationPlatforms) = postSolution
		{1916FFEE-87A6-454F-B11D-21C8F3717727}.Debug|Any CPU.ActiveCfg = Debug|Any CPU
		{1916FFEE-87A6-454F-B11D-21C8F3717727}.Debug|Any CPU.Build.0 = Debug|Any CPU
		{1916FFEE-87A6-454F-B11D-21C8F3717727}.Release|Any CPU.ActiveCfg = Release|Any CPU
		{1916FFEE-87A6-454F-B11D-21C8F3717727}.Release|Any CPU.Build.0 = Release|Any CPU
		{9CF33B3B-4649-4E95-A508-609B5E558CBB}.Debug|Any CPU.ActiveCfg = Debug|Any CPU
		{9CF33B3B-4649-4E95-A508-609B5E558CBB}.Debug|Any CPU.Build.0 = Debug|Any CPU
		{9CF33B3B-4649-4E95-A508-609B5E558CBB}.Release|Any CPU.ActiveCfg = Release|Any CPU
		{9CF33B3B-4649-4E95-A508-609B5E558CBB}.Release|Any CPU.Build.0 = Release|Any CPU
		{7EE50BDA-5962-4663-98A7-647EBF66774C}.Debug|Any CPU.ActiveCfg = Debug|Any CPU
		{7EE50BDA-5962-4663-98A7-647EBF66774C}.Debug|Any CPU.Build.0 = Debug|Any CPU
		{7EE50BDA-5962-4663-98A7-647EBF66774C}.Release|Any CPU.ActiveCfg = Release|Any CPU
		{7EE50BDA-5962-4663-98A7-647EBF66774C}.Release|Any CPU.Build.0 = Release|Any CPU
		{EB6F4957-56A7-4191-8896-A535D2F2A95A}.Debug|Any CPU.ActiveCfg = Debug|Any CPU
		{EB6F4957-56A7-4191-8896-A535D2F2A95A}.Debug|Any CPU.Build.0 = Debug|Any CPU
		{EB6F4957-56A7-4191-8896-A535D2F2A95A}.Release|Any CPU.ActiveCfg = Release|Any CPU
		{EB6F4957-56A7-4191-8896-A535D2F2A95A}.Release|Any CPU.Build.0 = Release|Any CPU
	EndGlobalSection
	GlobalSection(SolutionProperties) = preSolution
		HideSolutionNode = FALSE
	EndGlobalSection
	GlobalSection(NestedProjects) = preSolution
		{1916FFEE-87A6-454F-B11D-21C8F3717727} = {3E747DDD-89D1-421C-8460-DEA948EAFE04}
		{9CF33B3B-4649-4E95-A508-609B5E558CBB} = {3E747DDD-89D1-421C-8460-DEA948EAFE04}
		{7EE50BDA-5962-4663-98A7-647EBF66774C} = {5E43141E-8313-4059-B05F-7EAEEE7B43AD}
	EndGlobalSection
	GlobalSection(ExtensibilityGlobals) = postSolution
		SolutionGuid = {44EB9FB9-369C-4BE8-875F-34B267AE046D}
	EndGlobalSection
EndGlobal
